
Microsoft Visual Studio Solution File, Format Version 12.00
# Visual Studio Version 17
VisualStudioVersion = 17.0.31912.275
MinimumVisualStudioVersion = 10.0.40219.1
Project("{FAE04EC0-301F-11D3-BF4B-00C04F79EFBC}") = "APIGateway", "APIGateway\APIGateway.csproj", "{07E69EB5-17D3-4050-8DB5-8111B1E9703A}"
EndProject
Project("{2150E333-8FDC-42A3-9474-1A3956D46DE8}") = "Services", "Services", "{CF18E9D1-72F5-4D4A-ADD3-CCE728004131}"
EndProject
Project("{2150E333-8FDC-42A3-9474-1A3956D46DE8}") = "Customer", "Customer", "{EE66223C-469F-4A54-8789-4A5119E3ACC8}"
EndProject
Project("{FAE04EC0-301F-11D3-BF4B-00C04F79EFBC}") = "Models", "Services\Customer\Models\Models.csproj", "{20FC9B1D-463F-422D-B883-6F272C50A9F6}"
EndProject
Project("{FAE04EC0-301F-11D3-BF4B-00C04F79EFBC}") = "Infrastructure", "Services\Customer\Infrastructure\Infrastructure.csproj", "{E73552BE-D43B-4B27-8929-B96BCC4F4DEF}"
EndProject
Project("{FAE04EC0-301F-11D3-BF4B-00C04F79EFBC}") = "Services", "Services\Customer\Services\Services.csproj", "{0D5FBEA8-52BF-4BAA-AB63-50F08D1BE059}"
EndProject
Project("{FAE04EC0-301F-11D3-BF4B-00C04F79EFBC}") = "WebAPI", "Services\Customer\WebAPI\WebAPI.csproj", "{C500F64B-BA99-4628-AEA2-86D9C6DF04B3}"
EndProject
Global
	GlobalSection(SolutionConfigurationPlatforms) = preSolution
		Debug|Any CPU = Debug|Any CPU
		Release|Any CPU = Release|Any CPU
	EndGlobalSection
	GlobalSection(ProjectConfigurationPlatforms) = postSolution
		{07E69EB5-17D3-4050-8DB5-8111B1E9703A}.Debug|Any CPU.ActiveCfg = Debug|Any CPU
		{07E69EB5-17D3-4050-8DB5-8111B1E9703A}.Debug|Any CPU.Build.0 = Debug|Any CPU
		{07E69EB5-17D3-4050-8DB5-8111B1E9703A}.Release|Any CPU.ActiveCfg = Release|Any CPU
		{07E69EB5-17D3-4050-8DB5-8111B1E9703A}.Release|Any CPU.Build.0 = Release|Any CPU
		{20FC9B1D-463F-422D-B883-6F272C50A9F6}.Debug|Any CPU.ActiveCfg = Debug|Any CPU
		{20FC9B1D-463F-422D-B883-6F272C50A9F6}.Debug|Any CPU.Build.0 = Debug|Any CPU
		{20FC9B1D-463F-422D-B883-6F272C50A9F6}.Release|Any CPU.ActiveCfg = Release|Any CPU
		{20FC9B1D-463F-422D-B883-6F272C50A9F6}.Release|Any CPU.Build.0 = Release|Any CPU
		{E73552BE-D43B-4B27-8929-B96BCC4F4DEF}.Debug|Any CPU.ActiveCfg = Debug|Any CPU
		{E73552BE-D43B-4B27-8929-B96BCC4F4DEF}.Debug|Any CPU.Build.0 = Debug|Any CPU
		{E73552BE-D43B-4B27-8929-B96BCC4F4DEF}.Release|Any CPU.ActiveCfg = Release|Any CPU
		{E73552BE-D43B-4B27-8929-B96BCC4F4DEF}.Release|Any CPU.Build.0 = Release|Any CPU
		{0D5FBEA8-52BF-4BAA-AB63-50F08D1BE059}.Debug|Any CPU.ActiveCfg = Debug|Any CPU
		{0D5FBEA8-52BF-4BAA-AB63-50F08D1BE059}.Debug|Any CPU.Build.0 = Debug|Any CPU
		{0D5FBEA8-52BF-4BAA-AB63-50F08D1BE059}.Release|Any CPU.ActiveCfg = Release|Any CPU
		{0D5FBEA8-52BF-4BAA-AB63-50F08D1BE059}.Release|Any CPU.Build.0 = Release|Any CPU
		{C500F64B-BA99-4628-AEA2-86D9C6DF04B3}.Debug|Any CPU.ActiveCfg = Debug|Any CPU
		{C500F64B-BA99-4628-AEA2-86D9C6DF04B3}.Debug|Any CPU.Build.0 = Debug|Any CPU
		{C500F64B-BA99-4628-AEA2-86D9C6DF04B3}.Release|Any CPU.ActiveCfg = Release|Any CPU
		{C500F64B-BA99-4628-AEA2-86D9C6DF04B3}.Release|Any CPU.Build.0 = Release|Any CPU
	EndGlobalSection
	GlobalSection(SolutionProperties) = preSolution
		HideSolutionNode = FALSE
	EndGlobalSection
	GlobalSection(NestedProjects) = preSolution
		{EE66223C-469F-4A54-8789-4A5119E3ACC8} = {CF18E9D1-72F5-4D4A-ADD3-CCE728004131}
		{20FC9B1D-463F-422D-B883-6F272C50A9F6} = {EE66223C-469F-4A54-8789-4A5119E3ACC8}
		{E73552BE-D43B-4B27-8929-B96BCC4F4DEF} = {EE66223C-469F-4A54-8789-4A5119E3ACC8}
		{0D5FBEA8-52BF-4BAA-AB63-50F08D1BE059} = {EE66223C-469F-4A54-8789-4A5119E3ACC8}
		{C500F64B-BA99-4628-AEA2-86D9C6DF04B3} = {EE66223C-469F-4A54-8789-4A5119E3ACC8}
	EndGlobalSection
	GlobalSection(ExtensibilityGlobals) = postSolution
		SolutionGuid = {0B98FA59-B38A-46DC-8B62-0B60C3FDA2FF}
	EndGlobalSection
EndGlobal
